
Microsoft Visual Studio Solution File, Format Version 12.00
# Visual Studio Version 17
VisualStudioVersion = 17.0.31903.59
MinimumVisualStudioVersion = 10.0.40219.1
Project("{9A19103F-16F7-4668-BE54-9A1E7A4F7556}") = "BuberDinner.Api", "BuberDinner.Api\BuberDinner.Api.csproj", "{4956348B-4DE8-4021-9CFE-62EDA39C09E4}"
EndProject
Project("{9A19103F-16F7-4668-BE54-9A1E7A4F7556}") = "BuberDinner.Application", "BuberDinner.Application\BuberDinner.Application.csproj", "{AC0C7C12-A839-447A-BCB0-F7EFCB0E88D4}"
EndProject
Project("{9A19103F-16F7-4668-BE54-9A1E7A4F7556}") = "BuberDinner.Contracts", "BuberDinner.Contracts\BuberDinner.Contracts.csproj", "{455899A8-ECC8-433F-A344-ED789AB4F3F4}"
EndProject
Project("{9A19103F-16F7-4668-BE54-9A1E7A4F7556}") = "BuberDinner.Domain", "BuberDinner.Domain\BuberDinner.Domain.csproj", "{A2CECAD4-ADF6-4E5F-A62A-C45D81D92815}"
EndProject
Project("{9A19103F-16F7-4668-BE54-9A1E7A4F7556}") = "BuberDinner.Infrastructure", "BuberDinner.Infrastructure\BuberDinner.Infrastructure.csproj", "{40641938-F4AF-4B8E-B676-5FA2330F60E5}"
EndProject
Global
	GlobalSection(SolutionConfigurationPlatforms) = preSolution
		Debug|Any CPU = Debug|Any CPU
		Release|Any CPU = Release|Any CPU
	EndGlobalSection
	GlobalSection(ProjectConfigurationPlatforms) = postSolution
		{4956348B-4DE8-4021-9CFE-62EDA39C09E4}.Debug|Any CPU.ActiveCfg = Debug|Any CPU
		{4956348B-4DE8-4021-9CFE-62EDA39C09E4}.Debug|Any CPU.Build.0 = Debug|Any CPU
		{4956348B-4DE8-4021-9CFE-62EDA39C09E4}.Release|Any CPU.ActiveCfg = Release|Any CPU
		{4956348B-4DE8-4021-9CFE-62EDA39C09E4}.Release|Any CPU.Build.0 = Release|Any CPU
		{AC0C7C12-A839-447A-BCB0-F7EFCB0E88D4}.Debug|Any CPU.ActiveCfg = Debug|Any CPU
		{AC0C7C12-A839-447A-BCB0-F7EFCB0E88D4}.Debug|Any CPU.Build.0 = Debug|Any CPU
		{AC0C7C12-A839-447A-BCB0-F7EFCB0E88D4}.Release|Any CPU.ActiveCfg = Release|Any CPU
		{AC0C7C12-A839-447A-BCB0-F7EFCB0E88D4}.Release|Any CPU.Build.0 = Release|Any CPU
		{455899A8-ECC8-433F-A344-ED789AB4F3F4}.Debug|Any CPU.ActiveCfg = Debug|Any CPU
		{455899A8-ECC8-433F-A344-ED789AB4F3F4}.Debug|Any CPU.Build.0 = Debug|Any CPU
		{455899A8-ECC8-433F-A344-ED789AB4F3F4}.Release|Any CPU.ActiveCfg = Release|Any CPU
		{455899A8-ECC8-433F-A344-ED789AB4F3F4}.Release|Any CPU.Build.0 = Release|Any CPU
		{A2CECAD4-ADF6-4E5F-A62A-C45D81D92815}.Debug|Any CPU.ActiveCfg = Debug|Any CPU
		{A2CECAD4-ADF6-4E5F-A62A-C45D81D92815}.Debug|Any CPU.Build.0 = Debug|Any CPU
		{A2CECAD4-ADF6-4E5F-A62A-C45D81D92815}.Release|Any CPU.ActiveCfg = Release|Any CPU
		{A2CECAD4-ADF6-4E5F-A62A-C45D81D92815}.Release|Any CPU.Build.0 = Release|Any CPU
		{40641938-F4AF-4B8E-B676-5FA2330F60E5}.Debug|Any CPU.ActiveCfg = Debug|Any CPU
		{40641938-F4AF-4B8E-B676-5FA2330F60E5}.Debug|Any CPU.Build.0 = Debug|Any CPU
		{40641938-F4AF-4B8E-B676-5FA2330F60E5}.Release|Any CPU.ActiveCfg = Release|Any CPU
		{40641938-F4AF-4B8E-B676-5FA2330F60E5}.Release|Any CPU.Build.0 = Release|Any CPU
	EndGlobalSection
	GlobalSection(SolutionProperties) = preSolution
		HideSolutionNode = FALSE
	EndGlobalSection
	GlobalSection(ExtensibilityGlobals) = postSolution
		SolutionGuid = {EDC51B91-39AF-4021-B1CF-DDB814B52663}
	EndGlobalSection
EndGlobal
